// !$*UTF8*$!
{
	archiveVersion = 1;
	classes = {
	};
	objectVersion = 46;
	objects = {

/* Begin PBXBuildFile section */
		CC47E68E1B5495B5006E6E2B /* YCSettingsView.m in Sources */ = {isa = PBXBuildFile; fileRef = CC47E68D1B5495B5006E6E2B /* YCSettingsView.m */; };
		CC7690F41B4F22A700553053 /* NSString+HTML.m in Sources */ = {isa = PBXBuildFile; fileRef = CC7690F31B4F22A700553053 /* NSString+HTML.m */; };
		CC7690F71B4F238E00553053 /* GTMNSString+HTML.m in Sources */ = {isa = PBXBuildFile; fileRef = CC7690F61B4F238E00553053 /* GTMNSString+HTML.m */; };
		CCA9D8791B476CD0003C6E49 /* main.m in Sources */ = {isa = PBXBuildFile; fileRef = CCA9D8781B476CD0003C6E49 /* main.m */; };
		CCA9D87C1B476CD0003C6E49 /* AppDelegate.m in Sources */ = {isa = PBXBuildFile; fileRef = CCA9D87B1B476CD0003C6E49 /* AppDelegate.m */; };
		CCA9D8821B476CD0003C6E49 /* Main.storyboard in Resources */ = {isa = PBXBuildFile; fileRef = CCA9D8801B476CD0003C6E49 /* Main.storyboard */; };
		CCA9D8841B476CD0003C6E49 /* Images.xcassets in Resources */ = {isa = PBXBuildFile; fileRef = CCA9D8831B476CD0003C6E49 /* Images.xcassets */; };
		CCA9D8871B476CD0003C6E49 /* LaunchScreen.xib in Resources */ = {isa = PBXBuildFile; fileRef = CCA9D8851B476CD0003C6E49 /* LaunchScreen.xib */; };
		CCA9D8931B476CD0003C6E49 /* YayComedyTests.m in Sources */ = {isa = PBXBuildFile; fileRef = CCA9D8921B476CD0003C6E49 /* YayComedyTests.m */; };
		CCA9D8C21B476D75003C6E49 /* AFHTTPRequestOperation.m in Sources */ = {isa = PBXBuildFile; fileRef = CCA9D89E1B476D75003C6E49 /* AFHTTPRequestOperation.m */; };
		CCA9D8C31B476D75003C6E49 /* AFHTTPRequestOperationManager.m in Sources */ = {isa = PBXBuildFile; fileRef = CCA9D8A01B476D75003C6E49 /* AFHTTPRequestOperationManager.m */; };
		CCA9D8C41B476D75003C6E49 /* AFHTTPSessionManager.m in Sources */ = {isa = PBXBuildFile; fileRef = CCA9D8A21B476D75003C6E49 /* AFHTTPSessionManager.m */; };
		CCA9D8C51B476D75003C6E49 /* AFNetworkReachabilityManager.m in Sources */ = {isa = PBXBuildFile; fileRef = CCA9D8A51B476D75003C6E49 /* AFNetworkReachabilityManager.m */; };
		CCA9D8C61B476D75003C6E49 /* AFSecurityPolicy.m in Sources */ = {isa = PBXBuildFile; fileRef = CCA9D8A71B476D75003C6E49 /* AFSecurityPolicy.m */; };
		CCA9D8C71B476D75003C6E49 /* AFURLConnectionOperation.m in Sources */ = {isa = PBXBuildFile; fileRef = CCA9D8A91B476D75003C6E49 /* AFURLConnectionOperation.m */; };
		CCA9D8C81B476D75003C6E49 /* AFURLRequestSerialization.m in Sources */ = {isa = PBXBuildFile; fileRef = CCA9D8AB1B476D75003C6E49 /* AFURLRequestSerialization.m */; };
		CCA9D8C91B476D75003C6E49 /* AFURLResponseSerialization.m in Sources */ = {isa = PBXBuildFile; fileRef = CCA9D8AD1B476D75003C6E49 /* AFURLResponseSerialization.m */; };
		CCA9D8CA1B476D75003C6E49 /* AFURLSessionManager.m in Sources */ = {isa = PBXBuildFile; fileRef = CCA9D8AF1B476D75003C6E49 /* AFURLSessionManager.m */; };
		CCA9D8CB1B476D75003C6E49 /* AFNetworkActivityIndicatorManager.m in Sources */ = {isa = PBXBuildFile; fileRef = CCA9D8B21B476D75003C6E49 /* AFNetworkActivityIndicatorManager.m */; };
		CCA9D8CC1B476D75003C6E49 /* UIActivityIndicatorView+AFNetworking.m in Sources */ = {isa = PBXBuildFile; fileRef = CCA9D8B41B476D75003C6E49 /* UIActivityIndicatorView+AFNetworking.m */; };
		CCA9D8CD1B476D75003C6E49 /* UIAlertView+AFNetworking.m in Sources */ = {isa = PBXBuildFile; fileRef = CCA9D8B61B476D75003C6E49 /* UIAlertView+AFNetworking.m */; };
		CCA9D8CE1B476D75003C6E49 /* UIButton+AFNetworking.m in Sources */ = {isa = PBXBuildFile; fileRef = CCA9D8B81B476D75003C6E49 /* UIButton+AFNetworking.m */; };
		CCA9D8CF1B476D75003C6E49 /* UIImageView+AFNetworking.m in Sources */ = {isa = PBXBuildFile; fileRef = CCA9D8BA1B476D75003C6E49 /* UIImageView+AFNetworking.m */; };
		CCA9D8D01B476D75003C6E49 /* UIProgressView+AFNetworking.m in Sources */ = {isa = PBXBuildFile; fileRef = CCA9D8BD1B476D75003C6E49 /* UIProgressView+AFNetworking.m */; };
		CCA9D8D11B476D75003C6E49 /* UIRefreshControl+AFNetworking.m in Sources */ = {isa = PBXBuildFile; fileRef = CCA9D8BF1B476D75003C6E49 /* UIRefreshControl+AFNetworking.m */; };
		CCA9D8D21B476D75003C6E49 /* UIWebView+AFNetworking.m in Sources */ = {isa = PBXBuildFile; fileRef = CCA9D8C11B476D75003C6E49 /* UIWebView+AFNetworking.m */; };
		CCA9D8D51B476DA8003C6E49 /* YCListViewController.m in Sources */ = {isa = PBXBuildFile; fileRef = CCA9D8D41B476DA8003C6E49 /* YCListViewController.m */; };
		CCA9D8D81B476E59003C6E49 /* YCApi.m in Sources */ = {isa = PBXBuildFile; fileRef = CCA9D8D71B476E59003C6E49 /* YCApi.m */; };
		CCA9D8DB1B477133003C6E49 /* YCCellTableViewCell.m in Sources */ = {isa = PBXBuildFile; fileRef = CCA9D8DA1B477133003C6E49 /* YCCellTableViewCell.m */; };
		CCDFC1CC1B4DDE4A00991651 /* UIColor+Colors.m in Sources */ = {isa = PBXBuildFile; fileRef = CCDFC1CB1B4DDE4A00991651 /* UIColor+Colors.m */; };
		CCDFC1D11B4DF1FC00991651 /* Lovelo Black.otf in Resources */ = {isa = PBXBuildFile; fileRef = CCDFC1CD1B4DF11300991651 /* Lovelo Black.otf */; };
		CCDFC1D21B4DF1FC00991651 /* Lovelo Line Bold.otf in Resources */ = {isa = PBXBuildFile; fileRef = CCDFC1CE1B4DF11300991651 /* Lovelo Line Bold.otf */; };
		CCDFC1D31B4DF1FC00991651 /* Lovelo Line Light.otf in Resources */ = {isa = PBXBuildFile; fileRef = CCDFC1CF1B4DF11300991651 /* Lovelo Line Light.otf */; };
		CCDFC1D61B4DF93900991651 /* YCReaderViewController.m in Sources */ = {isa = PBXBuildFile; fileRef = CCDFC1D51B4DF93900991651 /* YCReaderViewController.m */; };
/* End PBXBuildFile section */

/* Begin PBXContainerItemProxy section */
		CCA9D88D1B476CD0003C6E49 /* PBXContainerItemProxy */ = {
			isa = PBXContainerItemProxy;
			containerPortal = CCA9D86B1B476CD0003C6E49 /* Project object */;
			proxyType = 1;
			remoteGlobalIDString = CCA9D8721B476CD0003C6E49;
			remoteInfo = YayComedy;
		};
/* End PBXContainerItemProxy section */

/* Begin PBXFileReference section */
		CC47E68C1B5495B5006E6E2B /* YCSettingsView.h */ = {isa = PBXFileReference; fileEncoding = 4; lastKnownFileType = sourcecode.c.h; path = YCSettingsView.h; sourceTree = "<group>"; };
		CC47E68D1B5495B5006E6E2B /* YCSettingsView.m */ = {isa = PBXFileReference; fileEncoding = 4; lastKnownFileType = sourcecode.c.objc; path = YCSettingsView.m; sourceTree = "<group>"; };
		CC7690F21B4F22A700553053 /* NSString+HTML.h */ = {isa = PBXFileReference; fileEncoding = 4; lastKnownFileType = sourcecode.c.h; path = "NSString+HTML.h"; sourceTree = "<group>"; };
		CC7690F31B4F22A700553053 /* NSString+HTML.m */ = {isa = PBXFileReference; fileEncoding = 4; lastKnownFileType = sourcecode.c.objc; path = "NSString+HTML.m"; sourceTree = "<group>"; };
		CC7690F51B4F238E00553053 /* GTMNSString+HTML.h */ = {isa = PBXFileReference; fileEncoding = 4; lastKnownFileType = sourcecode.c.h; path = "GTMNSString+HTML.h"; sourceTree = "<group>"; };
		CC7690F61B4F238E00553053 /* GTMNSString+HTML.m */ = {isa = PBXFileReference; fileEncoding = 4; lastKnownFileType = sourcecode.c.objc; path = "GTMNSString+HTML.m"; sourceTree = "<group>"; };
		CCA9D8731B476CD0003C6E49 /* YayComedy.app */ = {isa = PBXFileReference; explicitFileType = wrapper.application; includeInIndex = 0; path = YayComedy.app; sourceTree = BUILT_PRODUCTS_DIR; };
		CCA9D8771B476CD0003C6E49 /* Info.plist */ = {isa = PBXFileReference; lastKnownFileType = text.plist.xml; path = Info.plist; sourceTree = "<group>"; };
		CCA9D8781B476CD0003C6E49 /* main.m */ = {isa = PBXFileReference; lastKnownFileType = sourcecode.c.objc; path = main.m; sourceTree = "<group>"; };
		CCA9D87A1B476CD0003C6E49 /* AppDelegate.h */ = {isa = PBXFileReference; lastKnownFileType = sourcecode.c.h; path = AppDelegate.h; sourceTree = "<group>"; };
		CCA9D87B1B476CD0003C6E49 /* AppDelegate.m */ = {isa = PBXFileReference; lastKnownFileType = sourcecode.c.objc; path = AppDelegate.m; sourceTree = "<group>"; };
		CCA9D8811B476CD0003C6E49 /* Base */ = {isa = PBXFileReference; lastKnownFileType = file.storyboard; name = Base; path = Base.lproj/Main.storyboard; sourceTree = "<group>"; };
		CCA9D8831B476CD0003C6E49 /* Images.xcassets */ = {isa = PBXFileReference; lastKnownFileType = folder.assetcatalog; path = Images.xcassets; sourceTree = "<group>"; };
		CCA9D8861B476CD0003C6E49 /* Base */ = {isa = PBXFileReference; lastKnownFileType = file.xib; name = Base; path = Base.lproj/LaunchScreen.xib; sourceTree = "<group>"; };
		CCA9D88C1B476CD0003C6E49 /* YayComedyTests.xctest */ = {isa = PBXFileReference; explicitFileType = wrapper.cfbundle; includeInIndex = 0; path = YayComedyTests.xctest; sourceTree = BUILT_PRODUCTS_DIR; };
		CCA9D8911B476CD0003C6E49 /* Info.plist */ = {isa = PBXFileReference; lastKnownFileType = text.plist.xml; path = Info.plist; sourceTree = "<group>"; };
		CCA9D8921B476CD0003C6E49 /* YayComedyTests.m */ = {isa = PBXFileReference; lastKnownFileType = sourcecode.c.objc; path = YayComedyTests.m; sourceTree = "<group>"; };
		CCA9D89D1B476D75003C6E49 /* AFHTTPRequestOperation.h */ = {isa = PBXFileReference; fileEncoding = 4; lastKnownFileType = sourcecode.c.h; path = AFHTTPRequestOperation.h; sourceTree = "<group>"; };
		CCA9D89E1B476D75003C6E49 /* AFHTTPRequestOperation.m */ = {isa = PBXFileReference; fileEncoding = 4; lastKnownFileType = sourcecode.c.objc; path = AFHTTPRequestOperation.m; sourceTree = "<group>"; };
		CCA9D89F1B476D75003C6E49 /* AFHTTPRequestOperationManager.h */ = {isa = PBXFileReference; fileEncoding = 4; lastKnownFileType = sourcecode.c.h; path = AFHTTPRequestOperationManager.h; sourceTree = "<group>"; };
		CCA9D8A01B476D75003C6E49 /* AFHTTPRequestOperationManager.m */ = {isa = PBXFileReference; fileEncoding = 4; lastKnownFileType = sourcecode.c.objc; path = AFHTTPRequestOperationManager.m; sourceTree = "<group>"; };
		CCA9D8A11B476D75003C6E49 /* AFHTTPSessionManager.h */ = {isa = PBXFileReference; fileEncoding = 4; lastKnownFileType = sourcecode.c.h; path = AFHTTPSessionManager.h; sourceTree = "<group>"; };
		CCA9D8A21B476D75003C6E49 /* AFHTTPSessionManager.m */ = {isa = PBXFileReference; fileEncoding = 4; lastKnownFileType = sourcecode.c.objc; path = AFHTTPSessionManager.m; sourceTree = "<group>"; };
		CCA9D8A31B476D75003C6E49 /* AFNetworking.h */ = {isa = PBXFileReference; fileEncoding = 4; lastKnownFileType = sourcecode.c.h; path = AFNetworking.h; sourceTree = "<group>"; };
		CCA9D8A41B476D75003C6E49 /* AFNetworkReachabilityManager.h */ = {isa = PBXFileReference; fileEncoding = 4; lastKnownFileType = sourcecode.c.h; path = AFNetworkReachabilityManager.h; sourceTree = "<group>"; };
		CCA9D8A51B476D75003C6E49 /* AFNetworkReachabilityManager.m */ = {isa = PBXFileReference; fileEncoding = 4; lastKnownFileType = sourcecode.c.objc; path = AFNetworkReachabilityManager.m; sourceTree = "<group>"; };
		CCA9D8A61B476D75003C6E49 /* AFSecurityPolicy.h */ = {isa = PBXFileReference; fileEncoding = 4; lastKnownFileType = sourcecode.c.h; path = AFSecurityPolicy.h; sourceTree = "<group>"; };
		CCA9D8A71B476D75003C6E49 /* AFSecurityPolicy.m */ = {isa = PBXFileReference; fileEncoding = 4; lastKnownFileType = sourcecode.c.objc; path = AFSecurityPolicy.m; sourceTree = "<group>"; };
		CCA9D8A81B476D75003C6E49 /* AFURLConnectionOperation.h */ = {isa = PBXFileReference; fileEncoding = 4; lastKnownFileType = sourcecode.c.h; path = AFURLConnectionOperation.h; sourceTree = "<group>"; };
		CCA9D8A91B476D75003C6E49 /* AFURLConnectionOperation.m */ = {isa = PBXFileReference; fileEncoding = 4; lastKnownFileType = sourcecode.c.objc; path = AFURLConnectionOperation.m; sourceTree = "<group>"; };
		CCA9D8AA1B476D75003C6E49 /* AFURLRequestSerialization.h */ = {isa = PBXFileReference; fileEncoding = 4; lastKnownFileType = sourcecode.c.h; path = AFURLRequestSerialization.h; sourceTree = "<group>"; };
		CCA9D8AB1B476D75003C6E49 /* AFURLRequestSerialization.m */ = {isa = PBXFileReference; fileEncoding = 4; lastKnownFileType = sourcecode.c.objc; path = AFURLRequestSerialization.m; sourceTree = "<group>"; };
		CCA9D8AC1B476D75003C6E49 /* AFURLResponseSerialization.h */ = {isa = PBXFileReference; fileEncoding = 4; lastKnownFileType = sourcecode.c.h; path = AFURLResponseSerialization.h; sourceTree = "<group>"; };
		CCA9D8AD1B476D75003C6E49 /* AFURLResponseSerialization.m */ = {isa = PBXFileReference; fileEncoding = 4; lastKnownFileType = sourcecode.c.objc; path = AFURLResponseSerialization.m; sourceTree = "<group>"; };
		CCA9D8AE1B476D75003C6E49 /* AFURLSessionManager.h */ = {isa = PBXFileReference; fileEncoding = 4; lastKnownFileType = sourcecode.c.h; path = AFURLSessionManager.h; sourceTree = "<group>"; };
		CCA9D8AF1B476D75003C6E49 /* AFURLSessionManager.m */ = {isa = PBXFileReference; fileEncoding = 4; lastKnownFileType = sourcecode.c.objc; path = AFURLSessionManager.m; sourceTree = "<group>"; };
		CCA9D8B11B476D75003C6E49 /* AFNetworkActivityIndicatorManager.h */ = {isa = PBXFileReference; fileEncoding = 4; lastKnownFileType = sourcecode.c.h; path = AFNetworkActivityIndicatorManager.h; sourceTree = "<group>"; };
		CCA9D8B21B476D75003C6E49 /* AFNetworkActivityIndicatorManager.m */ = {isa = PBXFileReference; fileEncoding = 4; lastKnownFileType = sourcecode.c.objc; path = AFNetworkActivityIndicatorManager.m; sourceTree = "<group>"; };
		CCA9D8B31B476D75003C6E49 /* UIActivityIndicatorView+AFNetworking.h */ = {isa = PBXFileReference; fileEncoding = 4; lastKnownFileType = sourcecode.c.h; path = "UIActivityIndicatorView+AFNetworking.h"; sourceTree = "<group>"; };
		CCA9D8B41B476D75003C6E49 /* UIActivityIndicatorView+AFNetworking.m */ = {isa = PBXFileReference; fileEncoding = 4; lastKnownFileType = sourcecode.c.objc; path = "UIActivityIndicatorView+AFNetworking.m"; sourceTree = "<group>"; };
		CCA9D8B51B476D75003C6E49 /* UIAlertView+AFNetworking.h */ = {isa = PBXFileReference; fileEncoding = 4; lastKnownFileType = sourcecode.c.h; path = "UIAlertView+AFNetworking.h"; sourceTree = "<group>"; };
		CCA9D8B61B476D75003C6E49 /* UIAlertView+AFNetworking.m */ = {isa = PBXFileReference; fileEncoding = 4; lastKnownFileType = sourcecode.c.objc; path = "UIAlertView+AFNetworking.m"; sourceTree = "<group>"; };
		CCA9D8B71B476D75003C6E49 /* UIButton+AFNetworking.h */ = {isa = PBXFileReference; fileEncoding = 4; lastKnownFileType = sourcecode.c.h; path = "UIButton+AFNetworking.h"; sourceTree = "<group>"; };
		CCA9D8B81B476D75003C6E49 /* UIButton+AFNetworking.m */ = {isa = PBXFileReference; fileEncoding = 4; lastKnownFileType = sourcecode.c.objc; path = "UIButton+AFNetworking.m"; sourceTree = "<group>"; };
		CCA9D8B91B476D75003C6E49 /* UIImageView+AFNetworking.h */ = {isa = PBXFileReference; fileEncoding = 4; lastKnownFileType = sourcecode.c.h; path = "UIImageView+AFNetworking.h"; sourceTree = "<group>"; };
		CCA9D8BA1B476D75003C6E49 /* UIImageView+AFNetworking.m */ = {isa = PBXFileReference; fileEncoding = 4; lastKnownFileType = sourcecode.c.objc; path = "UIImageView+AFNetworking.m"; sourceTree = "<group>"; };
		CCA9D8BB1B476D75003C6E49 /* UIKit+AFNetworking.h */ = {isa = PBXFileReference; fileEncoding = 4; lastKnownFileType = sourcecode.c.h; path = "UIKit+AFNetworking.h"; sourceTree = "<group>"; };
		CCA9D8BC1B476D75003C6E49 /* UIProgressView+AFNetworking.h */ = {isa = PBXFileReference; fileEncoding = 4; lastKnownFileType = sourcecode.c.h; path = "UIProgressView+AFNetworking.h"; sourceTree = "<group>"; };
		CCA9D8BD1B476D75003C6E49 /* UIProgressView+AFNetworking.m */ = {isa = PBXFileReference; fileEncoding = 4; lastKnownFileType = sourcecode.c.objc; path = "UIProgressView+AFNetworking.m"; sourceTree = "<group>"; };
		CCA9D8BE1B476D75003C6E49 /* UIRefreshControl+AFNetworking.h */ = {isa = PBXFileReference; fileEncoding = 4; lastKnownFileType = sourcecode.c.h; path = "UIRefreshControl+AFNetworking.h"; sourceTree = "<group>"; };
		CCA9D8BF1B476D75003C6E49 /* UIRefreshControl+AFNetworking.m */ = {isa = PBXFileReference; fileEncoding = 4; lastKnownFileType = sourcecode.c.objc; path = "UIRefreshControl+AFNetworking.m"; sourceTree = "<group>"; };
		CCA9D8C01B476D75003C6E49 /* UIWebView+AFNetworking.h */ = {isa = PBXFileReference; fileEncoding = 4; lastKnownFileType = sourcecode.c.h; path = "UIWebView+AFNetworking.h"; sourceTree = "<group>"; };
		CCA9D8C11B476D75003C6E49 /* UIWebView+AFNetworking.m */ = {isa = PBXFileReference; fileEncoding = 4; lastKnownFileType = sourcecode.c.objc; path = "UIWebView+AFNetworking.m"; sourceTree = "<group>"; };
		CCA9D8D31B476DA8003C6E49 /* YCListViewController.h */ = {isa = PBXFileReference; fileEncoding = 4; lastKnownFileType = sourcecode.c.h; path = YCListViewController.h; sourceTree = "<group>"; };
		CCA9D8D41B476DA8003C6E49 /* YCListViewController.m */ = {isa = PBXFileReference; fileEncoding = 4; lastKnownFileType = sourcecode.c.objc; path = YCListViewController.m; sourceTree = "<group>"; };
		CCA9D8D61B476E59003C6E49 /* YCApi.h */ = {isa = PBXFileReference; fileEncoding = 4; lastKnownFileType = sourcecode.c.h; path = YCApi.h; sourceTree = "<group>"; };
		CCA9D8D71B476E59003C6E49 /* YCApi.m */ = {isa = PBXFileReference; fileEncoding = 4; lastKnownFileType = sourcecode.c.objc; path = YCApi.m; sourceTree = "<group>"; };
		CCA9D8D91B477133003C6E49 /* YCCellTableViewCell.h */ = {isa = PBXFileReference; fileEncoding = 4; lastKnownFileType = sourcecode.c.h; path = YCCellTableViewCell.h; sourceTree = "<group>"; };
		CCA9D8DA1B477133003C6E49 /* YCCellTableViewCell.m */ = {isa = PBXFileReference; fileEncoding = 4; lastKnownFileType = sourcecode.c.objc; path = YCCellTableViewCell.m; sourceTree = "<group>"; };
		CCDFC1CA1B4DDE4A00991651 /* UIColor+Colors.h */ = {isa = PBXFileReference; fileEncoding = 4; lastKnownFileType = sourcecode.c.h; path = "UIColor+Colors.h"; sourceTree = "<group>"; };
		CCDFC1CB1B4DDE4A00991651 /* UIColor+Colors.m */ = {isa = PBXFileReference; fileEncoding = 4; lastKnownFileType = sourcecode.c.objc; path = "UIColor+Colors.m"; sourceTree = "<group>"; };
		CCDFC1CD1B4DF11300991651 /* Lovelo Black.otf */ = {isa = PBXFileReference; lastKnownFileType = file; path = "Lovelo Black.otf"; sourceTree = "<group>"; };
		CCDFC1CE1B4DF11300991651 /* Lovelo Line Bold.otf */ = {isa = PBXFileReference; lastKnownFileType = file; path = "Lovelo Line Bold.otf"; sourceTree = "<group>"; };
		CCDFC1CF1B4DF11300991651 /* Lovelo Line Light.otf */ = {isa = PBXFileReference; lastKnownFileType = file; path = "Lovelo Line Light.otf"; sourceTree = "<group>"; };
		CCDFC1D41B4DF93900991651 /* YCReaderViewController.h */ = {isa = PBXFileReference; fileEncoding = 4; lastKnownFileType = sourcecode.c.h; path = YCReaderViewController.h; sourceTree = "<group>"; };
		CCDFC1D51B4DF93900991651 /* YCReaderViewController.m */ = {isa = PBXFileReference; fileEncoding = 4; lastKnownFileType = sourcecode.c.objc; path = YCReaderViewController.m; sourceTree = "<group>"; };
/* End PBXFileReference section */

/* Begin PBXFrameworksBuildPhase section */
		CCA9D8701B476CD0003C6E49 /* Frameworks */ = {
			isa = PBXFrameworksBuildPhase;
			buildActionMask = 2147483647;
			files = (
			);
			runOnlyForDeploymentPostprocessing = 0;
		};
		CCA9D8891B476CD0003C6E49 /* Frameworks */ = {
			isa = PBXFrameworksBuildPhase;
			buildActionMask = 2147483647;
			files = (
			);
			runOnlyForDeploymentPostprocessing = 0;
		};
/* End PBXFrameworksBuildPhase section */

/* Begin PBXGroup section */
		CCA9D86A1B476CD0003C6E49 = {
			isa = PBXGroup;
			children = (
				CCA9D8751B476CD0003C6E49 /* YayComedy */,
				CCA9D88F1B476CD0003C6E49 /* YayComedyTests */,
				CCA9D8741B476CD0003C6E49 /* Products */,
			);
			sourceTree = "<group>";
		};
		CCA9D8741B476CD0003C6E49 /* Products */ = {
			isa = PBXGroup;
			children = (
				CCA9D8731B476CD0003C6E49 /* YayComedy.app */,
				CCA9D88C1B476CD0003C6E49 /* YayComedyTests.xctest */,
			);
			name = Products;
			sourceTree = "<group>";
		};
		CCA9D8751B476CD0003C6E49 /* YayComedy */ = {
			isa = PBXGroup;
			children = (
				CCDFC1D01B4DF11700991651 /* Resources */,
				CCA9D8D61B476E59003C6E49 /* YCApi.h */,
				CCA9D8D71B476E59003C6E49 /* YCApi.m */,
				CC47E68C1B5495B5006E6E2B /* YCSettingsView.h */,
				CC47E68D1B5495B5006E6E2B /* YCSettingsView.m */,
				CCA9D8D91B477133003C6E49 /* YCCellTableViewCell.h */,
				CCA9D8DA1B477133003C6E49 /* YCCellTableViewCell.m */,
				CCA9D8D31B476DA8003C6E49 /* YCListViewController.h */,
				CCA9D8D41B476DA8003C6E49 /* YCListViewController.m */,
				CCDFC1D41B4DF93900991651 /* YCReaderViewController.h */,
				CCDFC1D51B4DF93900991651 /* YCReaderViewController.m */,
				CCA9D87A1B476CD0003C6E49 /* AppDelegate.h */,
				CCA9D87B1B476CD0003C6E49 /* AppDelegate.m */,
				CCA9D8801B476CD0003C6E49 /* Main.storyboard */,
				CCA9D8831B476CD0003C6E49 /* Images.xcassets */,
				CCA9D8851B476CD0003C6E49 /* LaunchScreen.xib */,
				CCA9D8761B476CD0003C6E49 /* Supporting Files */,
			);
			path = YayComedy;
			sourceTree = "<group>";
		};
		CCA9D8761B476CD0003C6E49 /* Supporting Files */ = {
			isa = PBXGroup;
			children = (
				CCA9D8771B476CD0003C6E49 /* Info.plist */,
				CCA9D8781B476CD0003C6E49 /* main.m */,
			);
			name = "Supporting Files";
			sourceTree = "<group>";
		};
		CCA9D88F1B476CD0003C6E49 /* YayComedyTests */ = {
			isa = PBXGroup;
			children = (
				CCA9D8921B476CD0003C6E49 /* YayComedyTests.m */,
				CCA9D8901B476CD0003C6E49 /* Supporting Files */,
			);
			path = YayComedyTests;
			sourceTree = "<group>";
		};
		CCA9D8901B476CD0003C6E49 /* Supporting Files */ = {
			isa = PBXGroup;
			children = (
				CCA9D8911B476CD0003C6E49 /* Info.plist */,
			);
			name = "Supporting Files";
			sourceTree = "<group>";
		};
		CCA9D89C1B476D75003C6E49 /* AFNetworking */ = {
			isa = PBXGroup;
			children = (
				CCA9D89D1B476D75003C6E49 /* AFHTTPRequestOperation.h */,
				CCA9D89E1B476D75003C6E49 /* AFHTTPRequestOperation.m */,
				CCA9D89F1B476D75003C6E49 /* AFHTTPRequestOperationManager.h */,
				CCA9D8A01B476D75003C6E49 /* AFHTTPRequestOperationManager.m */,
				CCA9D8A11B476D75003C6E49 /* AFHTTPSessionManager.h */,
				CCA9D8A21B476D75003C6E49 /* AFHTTPSessionManager.m */,
				CCA9D8A31B476D75003C6E49 /* AFNetworking.h */,
				CCA9D8A41B476D75003C6E49 /* AFNetworkReachabilityManager.h */,
				CCA9D8A51B476D75003C6E49 /* AFNetworkReachabilityManager.m */,
				CCA9D8A61B476D75003C6E49 /* AFSecurityPolicy.h */,
				CCA9D8A71B476D75003C6E49 /* AFSecurityPolicy.m */,
				CCA9D8A81B476D75003C6E49 /* AFURLConnectionOperation.h */,
				CCA9D8A91B476D75003C6E49 /* AFURLConnectionOperation.m */,
				CCA9D8AA1B476D75003C6E49 /* AFURLRequestSerialization.h */,
				CCA9D8AB1B476D75003C6E49 /* AFURLRequestSerialization.m */,
				CCA9D8AC1B476D75003C6E49 /* AFURLResponseSerialization.h */,
				CCA9D8AD1B476D75003C6E49 /* AFURLResponseSerialization.m */,
				CCA9D8AE1B476D75003C6E49 /* AFURLSessionManager.h */,
				CCA9D8AF1B476D75003C6E49 /* AFURLSessionManager.m */,
			);
			path = AFNetworking;
			sourceTree = "<group>";
		};
		CCA9D8B01B476D75003C6E49 /* UIKit+AFNetworking */ = {
			isa = PBXGroup;
			children = (
				CCA9D8B11B476D75003C6E49 /* AFNetworkActivityIndicatorManager.h */,
				CCA9D8B21B476D75003C6E49 /* AFNetworkActivityIndicatorManager.m */,
				CCA9D8B31B476D75003C6E49 /* UIActivityIndicatorView+AFNetworking.h */,
				CCA9D8B41B476D75003C6E49 /* UIActivityIndicatorView+AFNetworking.m */,
				CCA9D8B51B476D75003C6E49 /* UIAlertView+AFNetworking.h */,
				CCA9D8B61B476D75003C6E49 /* UIAlertView+AFNetworking.m */,
				CCA9D8B71B476D75003C6E49 /* UIButton+AFNetworking.h */,
				CCA9D8B81B476D75003C6E49 /* UIButton+AFNetworking.m */,
				CCA9D8B91B476D75003C6E49 /* UIImageView+AFNetworking.h */,
				CCA9D8BA1B476D75003C6E49 /* UIImageView+AFNetworking.m */,
				CCA9D8BB1B476D75003C6E49 /* UIKit+AFNetworking.h */,
				CCA9D8BC1B476D75003C6E49 /* UIProgressView+AFNetworking.h */,
				CCA9D8BD1B476D75003C6E49 /* UIProgressView+AFNetworking.m */,
				CCA9D8BE1B476D75003C6E49 /* UIRefreshControl+AFNetworking.h */,
				CCA9D8BF1B476D75003C6E49 /* UIRefreshControl+AFNetworking.m */,
				CCA9D8C01B476D75003C6E49 /* UIWebView+AFNetworking.h */,
				CCA9D8C11B476D75003C6E49 /* UIWebView+AFNetworking.m */,
			);
			path = "UIKit+AFNetworking";
			sourceTree = "<group>";
		};
		CCDFC1D01B4DF11700991651 /* Resources */ = {
			isa = PBXGroup;
			children = (
				CCA9D89C1B476D75003C6E49 /* AFNetworking */,
				CCA9D8B01B476D75003C6E49 /* UIKit+AFNetworking */,
				CCDFC1CA1B4DDE4A00991651 /* UIColor+Colors.h */,
				CCDFC1CB1B4DDE4A00991651 /* UIColor+Colors.m */,
				CC7690F21B4F22A700553053 /* NSString+HTML.h */,
				CC7690F31B4F22A700553053 /* NSString+HTML.m */,
				CC7690F51B4F238E00553053 /* GTMNSString+HTML.h */,
				CC7690F61B4F238E00553053 /* GTMNSString+HTML.m */,
				CCDFC1CD1B4DF11300991651 /* Lovelo Black.otf */,
				CCDFC1CE1B4DF11300991651 /* Lovelo Line Bold.otf */,
				CCDFC1CF1B4DF11300991651 /* Lovelo Line Light.otf */,
			);
			name = Resources;
			sourceTree = "<group>";
		};
/* End PBXGroup section */

/* Begin PBXNativeTarget section */
		CCA9D8721B476CD0003C6E49 /* YayComedy */ = {
			isa = PBXNativeTarget;
			buildConfigurationList = CCA9D8961B476CD0003C6E49 /* Build configuration list for PBXNativeTarget "YayComedy" */;
			buildPhases = (
				CCA9D86F1B476CD0003C6E49 /* Sources */,
				CCA9D8701B476CD0003C6E49 /* Frameworks */,
				CCA9D8711B476CD0003C6E49 /* Resources */,
			);
			buildRules = (
			);
			dependencies = (
			);
			name = YayComedy;
			productName = YayComedy;
			productReference = CCA9D8731B476CD0003C6E49 /* YayComedy.app */;
			productType = "com.apple.product-type.application";
		};
		CCA9D88B1B476CD0003C6E49 /* YayComedyTests */ = {
			isa = PBXNativeTarget;
			buildConfigurationList = CCA9D8991B476CD0003C6E49 /* Build configuration list for PBXNativeTarget "YayComedyTests" */;
			buildPhases = (
				CCA9D8881B476CD0003C6E49 /* Sources */,
				CCA9D8891B476CD0003C6E49 /* Frameworks */,
				CCA9D88A1B476CD0003C6E49 /* Resources */,
			);
			buildRules = (
			);
			dependencies = (
				CCA9D88E1B476CD0003C6E49 /* PBXTargetDependency */,
			);
			name = YayComedyTests;
			productName = YayComedyTests;
			productReference = CCA9D88C1B476CD0003C6E49 /* YayComedyTests.xctest */;
			productType = "com.apple.product-type.bundle.unit-test";
		};
/* End PBXNativeTarget section */

/* Begin PBXProject section */
		CCA9D86B1B476CD0003C6E49 /* Project object */ = {
			isa = PBXProject;
			attributes = {
				LastUpgradeCheck = 0640;
				ORGANIZATIONNAME = "Yay Comedy";
				TargetAttributes = {
					CCA9D8721B476CD0003C6E49 = {
						CreatedOnToolsVersion = 6.4;
						DevelopmentTeam = 4G8R7KAY96;
					};
					CCA9D88B1B476CD0003C6E49 = {
						CreatedOnToolsVersion = 6.4;
						TestTargetID = CCA9D8721B476CD0003C6E49;
					};
				};
			};
			buildConfigurationList = CCA9D86E1B476CD0003C6E49 /* Build configuration list for PBXProject "YayComedy" */;
			compatibilityVersion = "Xcode 3.2";
			developmentRegion = English;
			hasScannedForEncodings = 0;
			knownRegions = (
				en,
				Base,
			);
			mainGroup = CCA9D86A1B476CD0003C6E49;
			productRefGroup = CCA9D8741B476CD0003C6E49 /* Products */;
			projectDirPath = "";
			projectRoot = "";
			targets = (
				CCA9D8721B476CD0003C6E49 /* YayComedy */,
				CCA9D88B1B476CD0003C6E49 /* YayComedyTests */,
			);
		};
/* End PBXProject section */

/* Begin PBXResourcesBuildPhase section */
		CCA9D8711B476CD0003C6E49 /* Resources */ = {
			isa = PBXResourcesBuildPhase;
			buildActionMask = 2147483647;
			files = (
				CCDFC1D11B4DF1FC00991651 /* Lovelo Black.otf in Resources */,
				CCDFC1D21B4DF1FC00991651 /* Lovelo Line Bold.otf in Resources */,
				CCDFC1D31B4DF1FC00991651 /* Lovelo Line Light.otf in Resources */,
				CCA9D8821B476CD0003C6E49 /* Main.storyboard in Resources */,
				CCA9D8871B476CD0003C6E49 /* LaunchScreen.xib in Resources */,
				CCA9D8841B476CD0003C6E49 /* Images.xcassets in Resources */,
			);
			runOnlyForDeploymentPostprocessing = 0;
		};
		CCA9D88A1B476CD0003C6E49 /* Resources */ = {
			isa = PBXResourcesBuildPhase;
			buildActionMask = 2147483647;
			files = (
			);
			runOnlyForDeploymentPostprocessing = 0;
		};
/* End PBXResourcesBuildPhase section */

/* Begin PBXSourcesBuildPhase section */
		CCA9D86F1B476CD0003C6E49 /* Sources */ = {
			isa = PBXSourcesBuildPhase;
			buildActionMask = 2147483647;
			files = (
				CCA9D8DB1B477133003C6E49 /* YCCellTableViewCell.m in Sources */,
				CCA9D8C21B476D75003C6E49 /* AFHTTPRequestOperation.m in Sources */,
				CC47E68E1B5495B5006E6E2B /* YCSettingsView.m in Sources */,
				CC7690F71B4F238E00553053 /* GTMNSString+HTML.m in Sources */,
				CCA9D8CF1B476D75003C6E49 /* UIImageView+AFNetworking.m in Sources */,
				CCDFC1D61B4DF93900991651 /* YCReaderViewController.m in Sources */,
				CCA9D8C31B476D75003C6E49 /* AFHTTPRequestOperationManager.m in Sources */,
				CCA9D8D51B476DA8003C6E49 /* YCListViewController.m in Sources */,
				CCA9D8D01B476D75003C6E49 /* UIProgressView+AFNetworking.m in Sources */,
				CCA9D8C51B476D75003C6E49 /* AFNetworkReachabilityManager.m in Sources */,
				CCA9D8C91B476D75003C6E49 /* AFURLResponseSerialization.m in Sources */,
				CCA9D8C71B476D75003C6E49 /* AFURLConnectionOperation.m in Sources */,
				CCA9D8CE1B476D75003C6E49 /* UIButton+AFNetworking.m in Sources */,
				CCA9D8CC1B476D75003C6E49 /* UIActivityIndicatorView+AFNetworking.m in Sources */,
				CCA9D8C61B476D75003C6E49 /* AFSecurityPolicy.m in Sources */,
				CCDFC1CC1B4DDE4A00991651 /* UIColor+Colors.m in Sources */,
				CCA9D8D11B476D75003C6E49 /* UIRefreshControl+AFNetworking.m in Sources */,
				CCA9D8D21B476D75003C6E49 /* UIWebView+AFNetworking.m in Sources */,
				CCA9D8C41B476D75003C6E49 /* AFHTTPSessionManager.m in Sources */,
				CC7690F41B4F22A700553053 /* NSString+HTML.m in Sources */,
				CCA9D8CD1B476D75003C6E49 /* UIAlertView+AFNetworking.m in Sources */,
				CCA9D8C81B476D75003C6E49 /* AFURLRequestSerialization.m in Sources */,
				CCA9D8CB1B476D75003C6E49 /* AFNetworkActivityIndicatorManager.m in Sources */,
				CCA9D8D81B476E59003C6E49 /* YCApi.m in Sources */,
				CCA9D8CA1B476D75003C6E49 /* AFURLSessionManager.m in Sources */,
				CCA9D87C1B476CD0003C6E49 /* AppDelegate.m in Sources */,
				CCA9D8791B476CD0003C6E49 /* main.m in Sources */,
			);
			runOnlyForDeploymentPostprocessing = 0;
		};
		CCA9D8881B476CD0003C6E49 /* Sources */ = {
			isa = PBXSourcesBuildPhase;
			buildActionMask = 2147483647;
			files = (
				CCA9D8931B476CD0003C6E49 /* YayComedyTests.m in Sources */,
			);
			runOnlyForDeploymentPostprocessing = 0;
		};
/* End PBXSourcesBuildPhase section */

/* Begin PBXTargetDependency section */
		CCA9D88E1B476CD0003C6E49 /* PBXTargetDependency */ = {
			isa = PBXTargetDependency;
			target = CCA9D8721B476CD0003C6E49 /* YayComedy */;
			targetProxy = CCA9D88D1B476CD0003C6E49 /* PBXContainerItemProxy */;
		};
/* End PBXTargetDependency section */

/* Begin PBXVariantGroup section */
		CCA9D8801B476CD0003C6E49 /* Main.storyboard */ = {
			isa = PBXVariantGroup;
			children = (
				CCA9D8811B476CD0003C6E49 /* Base */,
			);
			name = Main.storyboard;
			sourceTree = "<group>";
		};
		CCA9D8851B476CD0003C6E49 /* LaunchScreen.xib */ = {
			isa = PBXVariantGroup;
			children = (
				CCA9D8861B476CD0003C6E49 /* Base */,
			);
			name = LaunchScreen.xib;
			sourceTree = "<group>";
		};
/* End PBXVariantGroup section */

/* Begin XCBuildConfiguration section */
		CCA9D8941B476CD0003C6E49 /* Debug */ = {
			isa = XCBuildConfiguration;
			buildSettings = {
				ALWAYS_SEARCH_USER_PATHS = NO;
				CLANG_CXX_LANGUAGE_STANDARD = "gnu++0x";
				CLANG_CXX_LIBRARY = "libc++";
				CLANG_ENABLE_MODULES = YES;
				CLANG_ENABLE_OBJC_ARC = YES;
				CLANG_WARN_BOOL_CONVERSION = YES;
				CLANG_WARN_CONSTANT_CONVERSION = YES;
				CLANG_WARN_DIRECT_OBJC_ISA_USAGE = YES_ERROR;
				CLANG_WARN_EMPTY_BODY = YES;
				CLANG_WARN_ENUM_CONVERSION = YES;
				CLANG_WARN_INT_CONVERSION = YES;
				CLANG_WARN_OBJC_ROOT_CLASS = YES_ERROR;
				CLANG_WARN_UNREACHABLE_CODE = YES;
				CLANG_WARN__DUPLICATE_METHOD_MATCH = YES;
				"CODE_SIGN_IDENTITY[sdk=iphoneos*]" = "iPhone Developer";
				COPY_PHASE_STRIP = NO;
				DEBUG_INFORMATION_FORMAT = "dwarf-with-dsym";
				ENABLE_STRICT_OBJC_MSGSEND = YES;
				GCC_C_LANGUAGE_STANDARD = gnu99;
				GCC_DYNAMIC_NO_PIC = NO;
				GCC_NO_COMMON_BLOCKS = YES;
				GCC_OPTIMIZATION_LEVEL = 0;
				GCC_PREPROCESSOR_DEFINITIONS = (
					"DEBUG=1",
					"$(inherited)",
				);
				GCC_SYMBOLS_PRIVATE_EXTERN = NO;
				GCC_WARN_64_TO_32_BIT_CONVERSION = YES;
				GCC_WARN_ABOUT_RETURN_TYPE = YES_ERROR;
				GCC_WARN_UNDECLARED_SELECTOR = YES;
				GCC_WARN_UNINITIALIZED_AUTOS = YES_AGGRESSIVE;
				GCC_WARN_UNUSED_FUNCTION = YES;
				GCC_WARN_UNUSED_VARIABLE = YES;
				IPHONEOS_DEPLOYMENT_TARGET = 8.4;
				MTL_ENABLE_DEBUG_INFO = YES;
				ONLY_ACTIVE_ARCH = YES;
				SDKROOT = iphoneos;
			};
			name = Debug;
		};
		CCA9D8951B476CD0003C6E49 /* Release */ = {
			isa = XCBuildConfiguration;
			buildSettings = {
				ALWAYS_SEARCH_USER_PATHS = NO;
				CLANG_CXX_LANGUAGE_STANDARD = "gnu++0x";
				CLANG_CXX_LIBRARY = "libc++";
				CLANG_ENABLE_MODULES = YES;
				CLANG_ENABLE_OBJC_ARC = YES;
				CLANG_WARN_BOOL_CONVERSION = YES;
				CLANG_WARN_CONSTANT_CONVERSION = YES;
				CLANG_WARN_DIRECT_OBJC_ISA_USAGE = YES_ERROR;
				CLANG_WARN_EMPTY_BODY = YES;
				CLANG_WARN_ENUM_CONVERSION = YES;
				CLANG_WARN_INT_CONVERSION = YES;
				CLANG_WARN_OBJC_ROOT_CLASS = YES_ERROR;
				CLANG_WARN_UNREACHABLE_CODE = YES;
				CLANG_WARN__DUPLICATE_METHOD_MATCH = YES;
				"CODE_SIGN_IDENTITY[sdk=iphoneos*]" = "iPhone Developer";
				COPY_PHASE_STRIP = NO;
				DEBUG_INFORMATION_FORMAT = "dwarf-with-dsym";
				ENABLE_NS_ASSERTIONS = NO;
				ENABLE_STRICT_OBJC_MSGSEND = YES;
				GCC_C_LANGUAGE_STANDARD = gnu99;
				GCC_NO_COMMON_BLOCKS = YES;
				GCC_WARN_64_TO_32_BIT_CONVERSION = YES;
				GCC_WARN_ABOUT_RETURN_TYPE = YES_ERROR;
				GCC_WARN_UNDECLARED_SELECTOR = YES;
				GCC_WARN_UNINITIALIZED_AUTOS = YES_AGGRESSIVE;
				GCC_WARN_UNUSED_FUNCTION = YES;
				GCC_WARN_UNUSED_VARIABLE = YES;
				IPHONEOS_DEPLOYMENT_TARGET = 8.4;
				MTL_ENABLE_DEBUG_INFO = NO;
				SDKROOT = iphoneos;
				VALIDATE_PRODUCT = YES;
			};
			name = Release;
		};
		CCA9D8971B476CD0003C6E49 /* Debug */ = {
			isa = XCBuildConfiguration;
			buildSettings = {
				ASSETCATALOG_COMPILER_APPICON_NAME = AppIcon;
				CODE_SIGN_IDENTITY = "iPhone Developer";
				"CODE_SIGN_IDENTITY[sdk=iphoneos*]" = "iPhone Developer";
				INFOPLIST_FILE = YayComedy/Info.plist;
				LD_RUNPATH_SEARCH_PATHS = "$(inherited) @executable_path/Frameworks";
				PRODUCT_NAME = "$(TARGET_NAME)";
				PROVISIONING_PROFILE = "";
			};
			name = Debug;
		};
		CCA9D8981B476CD0003C6E49 /* Release */ = {
			isa = XCBuildConfiguration;
			buildSettings = {
				ASSETCATALOG_COMPILER_APPICON_NAME = AppIcon;
				CODE_SIGN_IDENTITY = "iPhone Developer";
				INFOPLIST_FILE = YayComedy/Info.plist;
				LD_RUNPATH_SEARCH_PATHS = "$(inherited) @executable_path/Frameworks";
				PRODUCT_NAME = "$(TARGET_NAME)";
				PROVISIONING_PROFILE = "010b2a36-9594-4fea-a2d0-17768c5af4cd";
			};
			name = Release;
		};
		CCA9D89A1B476CD0003C6E49 /* Debug */ = {
			isa = XCBuildConfiguration;
			buildSettings = {
				BUNDLE_LOADER = "$(TEST_HOST)";
				FRAMEWORK_SEARCH_PATHS = (
					"$(SDKROOT)/Developer/Library/Frameworks",
					"$(inherited)",
				);
				GCC_PREPROCESSOR_DEFINITIONS = (
					"DEBUG=1",
					"$(inherited)",
				);
				INFOPLIST_FILE = YayComedyTests/Info.plist;
				LD_RUNPATH_SEARCH_PATHS = "$(inherited) @executable_path/Frameworks @loader_path/Frameworks";
				PRODUCT_NAME = "$(TARGET_NAME)";
				TEST_HOST = "$(BUILT_PRODUCTS_DIR)/YayComedy.app/YayComedy";
			};
			name = Debug;
		};
		CCA9D89B1B476CD0003C6E49 /* Release */ = {
			isa = XCBuildConfiguration;
			buildSettings = {
				BUNDLE_LOADER = "$(TEST_HOST)";
				FRAMEWORK_SEARCH_PATHS = (
					"$(SDKROOT)/Developer/Library/Frameworks",
					"$(inherited)",
				);
				INFOPLIST_FILE = YayComedyTests/Info.plist;
				LD_RUNPATH_SEARCH_PATHS = "$(inherited) @executable_path/Frameworks @loader_path/Frameworks";
				PRODUCT_NAME = "$(TARGET_NAME)";
				TEST_HOST = "$(BUILT_PRODUCTS_DIR)/YayComedy.app/YayComedy";
			};
			name = Release;
		};
/* End XCBuildConfiguration section */

/* Begin XCConfigurationList section */
		CCA9D86E1B476CD0003C6E49 /* Build configuration list for PBXProject "YayComedy" */ = {
			isa = XCConfigurationList;
			buildConfigurations = (
				CCA9D8941B476CD0003C6E49 /* Debug */,
				CCA9D8951B476CD0003C6E49 /* Release */,
			);
			defaultConfigurationIsVisible = 0;
			defaultConfigurationName = Release;
		};
		CCA9D8961B476CD0003C6E49 /* Build configuration list for PBXNativeTarget "YayComedy" */ = {
			isa = XCConfigurationList;
			buildConfigurations = (
				CCA9D8971B476CD0003C6E49 /* Debug */,
				CCA9D8981B476CD0003C6E49 /* Release */,
			);
			defaultConfigurationIsVisible = 0;
			defaultConfigurationName = Release;
		};
		CCA9D8991B476CD0003C6E49 /* Build configuration list for PBXNativeTarget "YayComedyTests" */ = {
			isa = XCConfigurationList;
			buildConfigurations = (
				CCA9D89A1B476CD0003C6E49 /* Debug */,
				CCA9D89B1B476CD0003C6E49 /* Release */,
			);
			defaultConfigurationIsVisible = 0;
			defaultConfigurationName = Release;
		};
/* End XCConfigurationList section */
	};
	rootObject = CCA9D86B1B476CD0003C6E49 /* Project object */;
}
